
Microsoft Visual Studio Solution File, Format Version 12.00
# Visual Studio Version 17
VisualStudioVersion = 17.4.33205.214
MinimumVisualStudioVersion = 10.0.40219.1
Project("{FAE04EC0-301F-11D3-BF4B-00C04F79EFBC}") = "HelloWorld", "HelloWorld\HelloWorld.csproj", "{B1434862-77CE-428A-AA1D-D42B4E3EAAD5}"
EndProject
Global
	GlobalSection(SolutionConfigurationPlatforms) = preSolution
		Debug|Any CPU = Debug|Any CPU
		Release|Any CPU = Release|Any CPU
	EndGlobalSection
	GlobalSection(ProjectConfigurationPlatforms) = postSolution
		{B1434862-77CE-428A-AA1D-D42B4E3EAAD5}.Debug|Any CPU.ActiveCfg = Debug|Any CPU
		{B1434862-77CE-428A-AA1D-D42B4E3EAAD5}.Debug|Any CPU.Build.0 = Debug|Any CPU
		{B1434862-77CE-428A-AA1D-D42B4E3EAAD5}.Release|Any CPU.ActiveCfg = Release|Any CPU
		{B1434862-77CE-428A-AA1D-D42B4E3EAAD5}.Release|Any CPU.Build.0 = Release|Any CPU
	EndGlobalSection
	GlobalSection(SolutionProperties) = preSolution
		HideSolutionNode = FALSE
	EndGlobalSection
	GlobalSection(ExtensibilityGlobals) = postSolution
		SolutionGuid = {CC0804B4-F870-4B67-A8AB-4A44579C057E}
	EndGlobalSection
EndGlobal
